
Microsoft Visual Studio Solution File, Format Version 12.00
# Visual Studio Version 16
VisualStudioVersion = 16.0.35130.168
MinimumVisualStudioVersion = 10.0.40219.1
Project("{FAE04EC0-301F-11D3-BF4B-00C04F79EFBC}") = "MVCStudentsPortal", "MVCStudentsPortal\MVCStudentsPortal.csproj", "{2847B95A-C2FC-4524-8381-F38D43B1D38F}"
EndProject
Global
	GlobalSection(SolutionConfigurationPlatforms) = preSolution
		Debug|Any CPU = Debug|Any CPU
		Release|Any CPU = Release|Any CPU
	EndGlobalSection
	GlobalSection(ProjectConfigurationPlatforms) = postSolution
		{2847B95A-C2FC-4524-8381-F38D43B1D38F}.Debug|Any CPU.ActiveCfg = Debug|Any CPU
		{2847B95A-C2FC-4524-8381-F38D43B1D38F}.Debug|Any CPU.Build.0 = Debug|Any CPU
		{2847B95A-C2FC-4524-8381-F38D43B1D38F}.Release|Any CPU.ActiveCfg = Release|Any CPU
		{2847B95A-C2FC-4524-8381-F38D43B1D38F}.Release|Any CPU.Build.0 = Release|Any CPU
	EndGlobalSection
	GlobalSection(SolutionProperties) = preSolution
		HideSolutionNode = FALSE
	EndGlobalSection
	GlobalSection(ExtensibilityGlobals) = postSolution
		SolutionGuid = {0BAF0426-D058-4BAB-A734-E7484391DA51}
	EndGlobalSection
EndGlobal
